
Microsoft Visual Studio Solution File, Format Version 12.00
# Visual Studio Version 17
VisualStudioVersion = 17.9.34728.123
MinimumVisualStudioVersion = 10.0.40219.1
Project("{9A19103F-16F7-4668-BE54-9A1E7A4F7556}") = "CutterManagement.UI.Desktop", "CutterManagement.UI.Desktop\CutterManagement.UI.Desktop.csproj", "{A8816757-0A92-4FC3-9926-A97B806842AF}"
EndProject
Project("{FAE04EC0-301F-11D3-BF4B-00C04F79EFBC}") = "CutterManagement.Core", "CutterManagement.Core\CutterManagement.Core.csproj", "{F6D9A3FB-7468-4E02-B31F-E51F2E32EF87}"
EndProject
Project("{FAE04EC0-301F-11D3-BF4B-00C04F79EFBC}") = "CutterManagement.DataAccess", "CutterManagement.DataAccess\CutterManagement.DataAccess.csproj", "{ED391CE7-8DB5-4486-9D15-F62332B8DE8D}"
EndProject
Project("{2150E333-8FDC-42A3-9474-1A3956D46DE8}") = "Solution Items", "Solution Items", "{BE433A71-2535-46F2-988A-9340B8E22105}"
	ProjectSection(SolutionItems) = preProject
		.editorconfig = .editorconfig
		ToDoLog.txt = ToDoLog.txt
	EndProjectSection
EndProject
Project("{C7167F0D-BC9F-4E6E-AFE1-012C56B48DB5}") = "CutterManagement.Installer", "CutterManagement.Installer\CutterManagement.Installer.wapproj", "{AF7BC7B7-9F9B-439E-B99F-61279425EC2B}"
EndProject
Global
	GlobalSection(SolutionConfigurationPlatforms) = preSolution
		Debug|Any CPU = Debug|Any CPU
		Debug|ARM = Debug|ARM
		Debug|ARM64 = Debug|ARM64
		Debug|x64 = Debug|x64
		Debug|x86 = Debug|x86
		Release|Any CPU = Release|Any CPU
		Release|ARM = Release|ARM
		Release|ARM64 = Release|ARM64
		Release|x64 = Release|x64
		Release|x86 = Release|x86
	EndGlobalSection
	GlobalSection(ProjectConfigurationPlatforms) = postSolution
		{A8816757-0A92-4FC3-9926-A97B806842AF}.Debug|Any CPU.ActiveCfg = Debug|Any CPU
		{A8816757-0A92-4FC3-9926-A97B806842AF}.Debug|Any CPU.Build.0 = Debug|Any CPU
		{A8816757-0A92-4FC3-9926-A97B806842AF}.Debug|ARM.ActiveCfg = Debug|Any CPU
		{A8816757-0A92-4FC3-9926-A97B806842AF}.Debug|ARM.Build.0 = Debug|Any CPU
		{A8816757-0A92-4FC3-9926-A97B806842AF}.Debug|ARM64.ActiveCfg = Debug|Any CPU
		{A8816757-0A92-4FC3-9926-A97B806842AF}.Debug|ARM64.Build.0 = Debug|Any CPU
		{A8816757-0A92-4FC3-9926-A97B806842AF}.Debug|x64.ActiveCfg = Debug|Any CPU
		{A8816757-0A92-4FC3-9926-A97B806842AF}.Debug|x64.Build.0 = Debug|Any CPU
		{A8816757-0A92-4FC3-9926-A97B806842AF}.Debug|x86.ActiveCfg = Debug|Any CPU
		{A8816757-0A92-4FC3-9926-A97B806842AF}.Debug|x86.Build.0 = Debug|Any CPU
		{A8816757-0A92-4FC3-9926-A97B806842AF}.Release|Any CPU.ActiveCfg = Release|Any CPU
		{A8816757-0A92-4FC3-9926-A97B806842AF}.Release|Any CPU.Build.0 = Release|Any CPU
		{A8816757-0A92-4FC3-9926-A97B806842AF}.Release|ARM.ActiveCfg = Release|Any CPU
		{A8816757-0A92-4FC3-9926-A97B806842AF}.Release|ARM.Build.0 = Release|Any CPU
		{A8816757-0A92-4FC3-9926-A97B806842AF}.Release|ARM64.ActiveCfg = Release|Any CPU
		{A8816757-0A92-4FC3-9926-A97B806842AF}.Release|ARM64.Build.0 = Release|Any CPU
		{A8816757-0A92-4FC3-9926-A97B806842AF}.Release|x64.ActiveCfg = Release|x64
		{A8816757-0A92-4FC3-9926-A97B806842AF}.Release|x64.Build.0 = Release|x64
		{A8816757-0A92-4FC3-9926-A97B806842AF}.Release|x86.ActiveCfg = Release|x86
		{A8816757-0A92-4FC3-9926-A97B806842AF}.Release|x86.Build.0 = Release|x86
		{F6D9A3FB-7468-4E02-B31F-E51F2E32EF87}.Debug|Any CPU.ActiveCfg = Debug|Any CPU
		{F6D9A3FB-7468-4E02-B31F-E51F2E32EF87}.Debug|Any CPU.Build.0 = Debug|Any CPU
		{F6D9A3FB-7468-4E02-B31F-E51F2E32EF87}.Debug|ARM.ActiveCfg = Debug|Any CPU
		{F6D9A3FB-7468-4E02-B31F-E51F2E32EF87}.Debug|ARM.Build.0 = Debug|Any CPU
		{F6D9A3FB-7468-4E02-B31F-E51F2E32EF87}.Debug|ARM64.ActiveCfg = Debug|Any CPU
		{F6D9A3FB-7468-4E02-B31F-E51F2E32EF87}.Debug|ARM64.Build.0 = Debug|Any CPU
		{F6D9A3FB-7468-4E02-B31F-E51F2E32EF87}.Debug|x64.ActiveCfg = Debug|Any CPU
		{F6D9A3FB-7468-4E02-B31F-E51F2E32EF87}.Debug|x64.Build.0 = Debug|Any CPU
		{F6D9A3FB-7468-4E02-B31F-E51F2E32EF87}.Debug|x86.ActiveCfg = Debug|Any CPU
		{F6D9A3FB-7468-4E02-B31F-E51F2E32EF87}.Debug|x86.Build.0 = Debug|Any CPU
		{F6D9A3FB-7468-4E02-B31F-E51F2E32EF87}.Release|Any CPU.ActiveCfg = Release|Any CPU
		{F6D9A3FB-7468-4E02-B31F-E51F2E32EF87}.Release|Any CPU.Build.0 = Release|Any CPU
		{F6D9A3FB-7468-4E02-B31F-E51F2E32EF87}.Release|ARM.ActiveCfg = Release|Any CPU
		{F6D9A3FB-7468-4E02-B31F-E51F2E32EF87}.Release|ARM.Build.0 = Release|Any CPU
		{F6D9A3FB-7468-4E02-B31F-E51F2E32EF87}.Release|ARM64.ActiveCfg = Release|Any CPU
		{F6D9A3FB-7468-4E02-B31F-E51F2E32EF87}.Release|ARM64.Build.0 = Release|Any CPU
		{F6D9A3FB-7468-4E02-B31F-E51F2E32EF87}.Release|x64.ActiveCfg = Release|x64
		{F6D9A3FB-7468-4E02-B31F-E51F2E32EF87}.Release|x64.Build.0 = Release|x64
		{F6D9A3FB-7468-4E02-B31F-E51F2E32EF87}.Release|x86.ActiveCfg = Release|x86
		{F6D9A3FB-7468-4E02-B31F-E51F2E32EF87}.Release|x86.Build.0 = Release|x86
		{ED391CE7-8DB5-4486-9D15-F62332B8DE8D}.Debug|Any CPU.ActiveCfg = Debug|Any CPU
		{ED391CE7-8DB5-4486-9D15-F62332B8DE8D}.Debug|Any CPU.Build.0 = Debug|Any CPU
		{ED391CE7-8DB5-4486-9D15-F62332B8DE8D}.Debug|ARM.ActiveCfg = Debug|Any CPU
		{ED391CE7-8DB5-4486-9D15-F62332B8DE8D}.Debug|ARM.Build.0 = Debug|Any CPU
		{ED391CE7-8DB5-4486-9D15-F62332B8DE8D}.Debug|ARM64.ActiveCfg = Debug|Any CPU
		{ED391CE7-8DB5-4486-9D15-F62332B8DE8D}.Debug|ARM64.Build.0 = Debug|Any CPU
		{ED391CE7-8DB5-4486-9D15-F62332B8DE8D}.Debug|x64.ActiveCfg = Debug|Any CPU
		{ED391CE7-8DB5-4486-9D15-F62332B8DE8D}.Debug|x64.Build.0 = Debug|Any CPU
		{ED391CE7-8DB5-4486-9D15-F62332B8DE8D}.Debug|x86.ActiveCfg = Debug|Any CPU
		{ED391CE7-8DB5-4486-9D15-F62332B8DE8D}.Debug|x86.Build.0 = Debug|Any CPU
		{ED391CE7-8DB5-4486-9D15-F62332B8DE8D}.Release|Any CPU.ActiveCfg = Release|Any CPU
		{ED391CE7-8DB5-4486-9D15-F62332B8DE8D}.Release|Any CPU.Build.0 = Release|Any CPU
		{ED391CE7-8DB5-4486-9D15-F62332B8DE8D}.Release|ARM.ActiveCfg = Release|Any CPU
		{ED391CE7-8DB5-4486-9D15-F62332B8DE8D}.Release|ARM.Build.0 = Release|Any CPU
		{ED391CE7-8DB5-4486-9D15-F62332B8DE8D}.Release|ARM64.ActiveCfg = Release|Any CPU
		{ED391CE7-8DB5-4486-9D15-F62332B8DE8D}.Release|ARM64.Build.0 = Release|Any CPU
		{ED391CE7-8DB5-4486-9D15-F62332B8DE8D}.Release|x64.ActiveCfg = Release|x64
		{ED391CE7-8DB5-4486-9D15-F62332B8DE8D}.Release|x64.Build.0 = Release|x64
		{ED391CE7-8DB5-4486-9D15-F62332B8DE8D}.Release|x86.ActiveCfg = Release|x86
		{ED391CE7-8DB5-4486-9D15-F62332B8DE8D}.Release|x86.Build.0 = Release|x86
		{AF7BC7B7-9F9B-439E-B99F-61279425EC2B}.Debug|Any CPU.ActiveCfg = Debug|Any CPU
		{AF7BC7B7-9F9B-439E-B99F-61279425EC2B}.Debug|Any CPU.Build.0 = Debug|Any CPU
		{AF7BC7B7-9F9B-439E-B99F-61279425EC2B}.Debug|Any CPU.Deploy.0 = Debug|Any CPU
		{AF7BC7B7-9F9B-439E-B99F-61279425EC2B}.Debug|ARM.ActiveCfg = Debug|ARM
		{AF7BC7B7-9F9B-439E-B99F-61279425EC2B}.Debug|ARM.Build.0 = Debug|ARM
		{AF7BC7B7-9F9B-439E-B99F-61279425EC2B}.Debug|ARM.Deploy.0 = Debug|ARM
		{AF7BC7B7-9F9B-439E-B99F-61279425EC2B}.Debug|ARM64.ActiveCfg = Debug|ARM64
		{AF7BC7B7-9F9B-439E-B99F-61279425EC2B}.Debug|ARM64.Build.0 = Debug|ARM64
		{AF7BC7B7-9F9B-439E-B99F-61279425EC2B}.Debug|ARM64.Deploy.0 = Debug|ARM64
		{AF7BC7B7-9F9B-439E-B99F-61279425EC2B}.Debug|x64.ActiveCfg = Debug|x64
		{AF7BC7B7-9F9B-439E-B99F-61279425EC2B}.Debug|x64.Build.0 = Debug|x64
		{AF7BC7B7-9F9B-439E-B99F-61279425EC2B}.Debug|x64.Deploy.0 = Debug|x64
		{AF7BC7B7-9F9B-439E-B99F-61279425EC2B}.Debug|x86.ActiveCfg = Debug|x86
		{AF7BC7B7-9F9B-439E-B99F-61279425EC2B}.Debug|x86.Build.0 = Debug|x86
		{AF7BC7B7-9F9B-439E-B99F-61279425EC2B}.Debug|x86.Deploy.0 = Debug|x86
		{AF7BC7B7-9F9B-439E-B99F-61279425EC2B}.Release|Any CPU.ActiveCfg = Release|Any CPU
		{AF7BC7B7-9F9B-439E-B99F-61279425EC2B}.Release|Any CPU.Build.0 = Release|Any CPU
		{AF7BC7B7-9F9B-439E-B99F-61279425EC2B}.Release|Any CPU.Deploy.0 = Release|Any CPU
		{AF7BC7B7-9F9B-439E-B99F-61279425EC2B}.Release|ARM.ActiveCfg = Release|ARM
		{AF7BC7B7-9F9B-439E-B99F-61279425EC2B}.Release|ARM.Build.0 = Release|ARM
		{AF7BC7B7-9F9B-439E-B99F-61279425EC2B}.Release|ARM.Deploy.0 = Release|ARM
		{AF7BC7B7-9F9B-439E-B99F-61279425EC2B}.Release|ARM64.ActiveCfg = Release|ARM64
		{AF7BC7B7-9F9B-439E-B99F-61279425EC2B}.Release|ARM64.Build.0 = Release|ARM64
		{AF7BC7B7-9F9B-439E-B99F-61279425EC2B}.Release|ARM64.Deploy.0 = Release|ARM64
		{AF7BC7B7-9F9B-439E-B99F-61279425EC2B}.Release|x64.ActiveCfg = Release|x64
		{AF7BC7B7-9F9B-439E-B99F-61279425EC2B}.Release|x64.Build.0 = Release|x64
		{AF7BC7B7-9F9B-439E-B99F-61279425EC2B}.Release|x64.Deploy.0 = Release|x64
		{AF7BC7B7-9F9B-439E-B99F-61279425EC2B}.Release|x86.ActiveCfg = Release|x86
		{AF7BC7B7-9F9B-439E-B99F-61279425EC2B}.Release|x86.Build.0 = Release|x86
		{AF7BC7B7-9F9B-439E-B99F-61279425EC2B}.Release|x86.Deploy.0 = Release|x86
	EndGlobalSection
	GlobalSection(SolutionProperties) = preSolution
		HideSolutionNode = FALSE
	EndGlobalSection
	GlobalSection(ExtensibilityGlobals) = postSolution
		SolutionGuid = {AE17967E-1A70-4C47-B3D5-746605006B98}
	EndGlobalSection
EndGlobal
