
Microsoft Visual Studio Solution File, Format Version 12.00
# Visual Studio Version 17
VisualStudioVersion = 17.9.34728.123
MinimumVisualStudioVersion = 10.0.40219.1
Project("{9A19103F-16F7-4668-BE54-9A1E7A4F7556}") = "CutterManagement.UI.Desktop", "CutterManagement.UI.Desktop\CutterManagement.UI.Desktop.csproj", "{A8816757-0A92-4FC3-9926-A97B806842AF}"
EndProject
Project("{FAE04EC0-301F-11D3-BF4B-00C04F79EFBC}") = "CutterManagement.Core", "CutterManagement.Core\CutterManagement.Core.csproj", "{F6D9A3FB-7468-4E02-B31F-E51F2E32EF87}"
EndProject
Project("{FAE04EC0-301F-11D3-BF4B-00C04F79EFBC}") = "CutterManagement.DataAccess", "CutterManagement.DataAccess\CutterManagement.DataAccess.csproj", "{ED391CE7-8DB5-4486-9D15-F62332B8DE8D}"
EndProject
Global
	GlobalSection(SolutionConfigurationPlatforms) = preSolution
		Debug|Any CPU = Debug|Any CPU
		Release|Any CPU = Release|Any CPU
	EndGlobalSection
	GlobalSection(ProjectConfigurationPlatforms) = postSolution
		{A8816757-0A92-4FC3-9926-A97B806842AF}.Debug|Any CPU.ActiveCfg = Debug|Any CPU
		{A8816757-0A92-4FC3-9926-A97B806842AF}.Debug|Any CPU.Build.0 = Debug|Any CPU
		{A8816757-0A92-4FC3-9926-A97B806842AF}.Release|Any CPU.ActiveCfg = Release|Any CPU
		{A8816757-0A92-4FC3-9926-A97B806842AF}.Release|Any CPU.Build.0 = Release|Any CPU
		{F6D9A3FB-7468-4E02-B31F-E51F2E32EF87}.Debug|Any CPU.ActiveCfg = Debug|Any CPU
		{F6D9A3FB-7468-4E02-B31F-E51F2E32EF87}.Debug|Any CPU.Build.0 = Debug|Any CPU
		{F6D9A3FB-7468-4E02-B31F-E51F2E32EF87}.Release|Any CPU.ActiveCfg = Release|Any CPU
		{F6D9A3FB-7468-4E02-B31F-E51F2E32EF87}.Release|Any CPU.Build.0 = Release|Any CPU
		{ED391CE7-8DB5-4486-9D15-F62332B8DE8D}.Debug|Any CPU.ActiveCfg = Debug|Any CPU
		{ED391CE7-8DB5-4486-9D15-F62332B8DE8D}.Debug|Any CPU.Build.0 = Debug|Any CPU
		{ED391CE7-8DB5-4486-9D15-F62332B8DE8D}.Release|Any CPU.ActiveCfg = Release|Any CPU
		{ED391CE7-8DB5-4486-9D15-F62332B8DE8D}.Release|Any CPU.Build.0 = Release|Any CPU
	EndGlobalSection
	GlobalSection(SolutionProperties) = preSolution
		HideSolutionNode = FALSE
	EndGlobalSection
	GlobalSection(ExtensibilityGlobals) = postSolution
		SolutionGuid = {AE17967E-1A70-4C47-B3D5-746605006B98}
	EndGlobalSection
EndGlobal
